
Microsoft Visual Studio Solution File, Format Version 12.00
# Visual Studio Version 16
VisualStudioVersion = 16.0.30611.23
MinimumVisualStudioVersion = 10.0.40219.1
Project("{FAE04EC0-301F-11D3-BF4B-00C04F79EFBC}") = "FormEjemplos", "FormClientes\FormEjemplos.csproj", "{135E522D-8A38-4A35-94D2-9FC9C1389AD4}"
EndProject
Global
	GlobalSection(SolutionConfigurationPlatforms) = preSolution
		Debug|Any CPU = Debug|Any CPU
		Release|Any CPU = Release|Any CPU
	EndGlobalSection
	GlobalSection(ProjectConfigurationPlatforms) = postSolution
		{135E522D-8A38-4A35-94D2-9FC9C1389AD4}.Debug|Any CPU.ActiveCfg = Debug|Any CPU
		{135E522D-8A38-4A35-94D2-9FC9C1389AD4}.Debug|Any CPU.Build.0 = Debug|Any CPU
		{135E522D-8A38-4A35-94D2-9FC9C1389AD4}.Release|Any CPU.ActiveCfg = Release|Any CPU
		{135E522D-8A38-4A35-94D2-9FC9C1389AD4}.Release|Any CPU.Build.0 = Release|Any CPU
	EndGlobalSection
	GlobalSection(SolutionProperties) = preSolution
		HideSolutionNode = FALSE
	EndGlobalSection
	GlobalSection(ExtensibilityGlobals) = postSolution
		SolutionGuid = {8CFFFCB2-8483-42E1-85EB-590108616AB6}
	EndGlobalSection
EndGlobal
